{
  "name": "da",
  "version": "0.0.0",
  "lockfileVersion": 2,
  "requires": true,
  "packages": {
    "": {
      "version": "0.0.0",
      "license": "MIT",
      "dependencies": {
        "@cloudflare/workers-types": "*",
        "@cloudflare/wrangler": "*"
      },
      "devDependencies": {
        "@types/node": "*"
      }
    },
    "node_modules/@cloudflare/workers-types": {
      "version": "2.1.0",
      "resolved": "https://registry.npmjs.org/@cloudflare/workers-types/-/workers-types-2.1.0.tgz",
      "integrity": "sha512-VmXaHTq0lt6Xre4aK1hUK25hjZjuEUkHtdUEt0FJamv+NzQO54Gwp6Zr5Cfu6SP5EQ/tTmTMP/tK9npA8zhcCg=="
    },
    "node_modules/@cloudflare/wrangler": {
      "version": "1.13.0",
      "resolved": "https://registry.npmjs.org/@cloudflare/wrangler/-/wrangler-1.13.0.tgz",
      "integrity": "sha512-D6oNE5ft2SvIYMCjHvOTReHfnNtf5spejJXAGJyOv/hYfLqph7/MBJcg3MRTFAhOV5yCdUTM6aATXzpxHKMh8w==",
      "hasInstallScript": true,
      "hasShrinkwrap": true,
      "dependencies": {
        "binary-install": "0.0.1"
      },
      "bin": {
        "wrangler": "run-wrangler.js"
      }
    },
    "node_modules/@types/node": {
      "version": "14.14.22",
      "resolved": "https://registry.npmjs.org/@types/node/-/node-14.14.22.tgz",
      "integrity": "sha512-g+f/qj/cNcqKkc3tFqlXOYjrmZA+jNBiDzbP3kH+B+otKFqAdPgVTGP1IeKRdMml/aE69as5S4FqtxAbl+LaMw==",
      "dev": true
    }
  },
  "dependencies": {
    "@cloudflare/workers-types": {
      "version": "2.1.0",
      "resolved": "https://registry.npmjs.org/@cloudflare/workers-types/-/workers-types-2.1.0.tgz",
      "integrity": "sha512-VmXaHTq0lt6Xre4aK1hUK25hjZjuEUkHtdUEt0FJamv+NzQO54Gwp6Zr5Cfu6SP5EQ/tTmTMP/tK9npA8zhcCg=="
    },
    "@cloudflare/wrangler": {
      "version": "1.13.0",
      "resolved": "https://registry.npmjs.org/@cloudflare/wrangler/-/wrangler-1.13.0.tgz",
      "integrity": "sha512-D6oNE5ft2SvIYMCjHvOTReHfnNtf5spejJXAGJyOv/hYfLqph7/MBJcg3MRTFAhOV5yCdUTM6aATXzpxHKMh8w==",
      "requires": {
        "binary-install": "0.0.1"
      }
    },
    "@types/node": {
      "version": "14.14.22",
      "resolved": "https://registry.npmjs.org/@types/node/-/node-14.14.22.tgz",
      "integrity": "sha512-g+f/qj/cNcqKkc3tFqlXOYjrmZA+jNBiDzbP3kH+B+otKFqAdPgVTGP1IeKRdMml/aE69as5S4FqtxAbl+LaMw==",
      "dev": true
    }
  }
}
