{
  "name": "da",
  "version": "0.0.0",
  "lockfileVersion": 2,
  "requires": true,
  "packages": {
    "": {
      "version": "0.0.0",
      "license": "MIT",
      "dependencies": {
        "@cloudflare/workers-types": "*",
        "@cloudflare/wrangler": "*",
        "@types/node": "*"
      },
      "devDependencies": {}
    },
    "node_modules/@cloudflare/workers-types": {
      "version": "2.1.0",
      "resolved": "https://registry.npmjs.org/@cloudflare/workers-types/-/workers-types-2.1.0.tgz",
      "integrity": "sha512-VmXaHTq0lt6Xre4aK1hUK25hjZjuEUkHtdUEt0FJamv+NzQO54Gwp6Zr5Cfu6SP5EQ/tTmTMP/tK9npA8zhcCg=="
    },
    "node_modules/@cloudflare/wrangler": {
      "version": "1.12.3",
      "resolved": "https://registry.npmjs.org/@cloudflare/wrangler/-/wrangler-1.12.3.tgz",
      "integrity": "sha512-p1roGAuaxiXPmUG/m2qiaFfwxW5b7e4P5cw9jpWvKz2i+GyWxxyIdytX898kJorXPq5RnoypdHB9yjEjTNB0uA==",
      "hasInstallScript": true,
      "hasShrinkwrap": true,
      "dependencies": {
        "binary-install": "0.0.1"
      },
      "bin": {
        "wrangler": "run-wrangler.js"
      }
    },
    "node_modules/@types/node": {
      "version": "14.14.16",
      "resolved": "https://registry.npmjs.org/@types/node/-/node-14.14.16.tgz",
      "integrity": "sha512-naXYePhweTi+BMv11TgioE2/FXU4fSl29HAH1ffxVciNsH3rYXjNP2yM8wqmSm7jS20gM8TIklKiTen+1iVncw=="
    }
  },
  "dependencies": {
    "@cloudflare/workers-types": {
      "version": "2.1.0",
      "resolved": "https://registry.npmjs.org/@cloudflare/workers-types/-/workers-types-2.1.0.tgz",
      "integrity": "sha512-VmXaHTq0lt6Xre4aK1hUK25hjZjuEUkHtdUEt0FJamv+NzQO54Gwp6Zr5Cfu6SP5EQ/tTmTMP/tK9npA8zhcCg=="
    },
    "@cloudflare/wrangler": {
      "version": "1.12.3",
      "resolved": "https://registry.npmjs.org/@cloudflare/wrangler/-/wrangler-1.12.3.tgz",
      "integrity": "sha512-p1roGAuaxiXPmUG/m2qiaFfwxW5b7e4P5cw9jpWvKz2i+GyWxxyIdytX898kJorXPq5RnoypdHB9yjEjTNB0uA==",
      "requires": {
        "binary-install": "0.0.1"
      }
    },
    "@types/node": {
      "version": "14.14.16",
      "resolved": "https://registry.npmjs.org/@types/node/-/node-14.14.16.tgz",
      "integrity": "sha512-naXYePhweTi+BMv11TgioE2/FXU4fSl29HAH1ffxVciNsH3rYXjNP2yM8wqmSm7jS20gM8TIklKiTen+1iVncw=="
    }
  }
}
